
Microsoft Visual Studio Solution File, Format Version 12.00
Project("{FAE04EC0-301F-11D3-BF4B-00C04F79EFBC}") = "TCC.Core", "TCC.Core\TCC.Core.csproj", "{F30E9F9E-E227-467E-A8D5-C03D76A54467}"
EndProject
Global
	GlobalSection(SolutionConfigurationPlatforms) = preSolution
		Debug|Any CPU = Debug|Any CPU
		Release|Any CPU = Release|Any CPU
	EndGlobalSection
	GlobalSection(ProjectConfigurationPlatforms) = postSolution
		{F30E9F9E-E227-467E-A8D5-C03D76A54467}.Debug|Any CPU.ActiveCfg = Debug|Any CPU
		{F30E9F9E-E227-467E-A8D5-C03D76A54467}.Debug|Any CPU.Build.0 = Debug|Any CPU
		{F30E9F9E-E227-467E-A8D5-C03D76A54467}.Release|Any CPU.ActiveCfg = Release|Any CPU
		{F30E9F9E-E227-467E-A8D5-C03D76A54467}.Release|Any CPU.Build.0 = Release|Any CPU
	EndGlobalSection
EndGlobal
